{
    "_meta": {
        "hash": {
            "sha256": "9dc143e58b1c46abb1f9bf9c41b7370c7cd89a5273f3ebcba5d8e1d2b19ac23a"
        },
        "pipfile-spec": 6,
        "requires": {
            "python_version": "3.7"
        },
        "sources": [
            {
                "name": "pypi",
                "url": "https://pypi.org/simple",
                "verify_ssl": true
            }
        ]
    },
    "default": {
        "aiohttp": {
            "hashes": [
                "sha256:01d7bdb774a9acc838e6b8f1d114f45303841b89b95984cbb7d80ea41172a9e3",
                "sha256:03a6d5349c9ee8f79ab3ff3694d6ce1cfc3ced1c9d36200cb8f08ba06bd3b782",
                "sha256:04d48b8ce6ab3cf2097b1855e1505181bdd05586ca275f2505514a6e274e8e75",
                "sha256:0770e2806a30e744b4e21c9d73b7bee18a1cfa3c47991ee2e5a65b887c49d5cf",
                "sha256:07b05cd3305e8a73112103c834e91cd27ce5b4bd07850c4b4dbd1877d3f45be7",
                "sha256:086f92daf51a032d062ec5f58af5ca6a44d082c35299c96376a41cbb33034675",
                "sha256:099ebd2c37ac74cce10a3527d2b49af80243e2a4fa39e7bce41617fbc35fa3c1",
                "sha256:0c7ebbbde809ff4e970824b2b6cb7e4222be6b95a296e46c03cf050878fc1785",
                "sha256:102e487eeb82afac440581e5d7f8f44560b36cf0bdd11abc51a46c1cd88914d4",
                "sha256:11691cf4dc5b94236ccc609b70fec991234e7ef8d4c02dd0c9668d1e486f5abf",
                "sha256:11a67c0d562e07067c4e86bffc1553f2cf5b664d6111c894671b2b8712f3aba5",
                "sha256:12de6add4038df8f72fac606dff775791a60f113a725c960f2bab01d8b8e6b15",
                "sha256:13487abd2f761d4be7c8ff9080de2671e53fff69711d46de703c310c4c9317ca",
                "sha256:15b09b06dae900777833fe7fc4b4aa426556ce95847a3e8d7548e2d19e34edb8",
                "sha256:1c182cb873bc91b411e184dab7a2b664d4fea2743df0e4d57402f7f3fa644bac",
                "sha256:1ed0b6477896559f17b9eaeb6d38e07f7f9ffe40b9f0f9627ae8b9926ae260a8",
                "sha256:28d490af82bc6b7ce53ff31337a18a10498303fe66f701ab65ef27e143c3b0ef",
                "sha256:2e5d962cf7e1d426aa0e528a7e198658cdc8aa4fe87f781d039ad75dcd52c516",
                "sha256:2ed076098b171573161eb146afcb9129b5ff63308960aeca4b676d9d3c35e700",
                "sha256:2f2f69dca064926e79997f45b2f34e202b320fd3782f17a91941f7eb85502ee2",
                "sha256:31560d268ff62143e92423ef183680b9829b1b482c011713ae941997921eebc8",
                "sha256:31d1e1c0dbf19ebccbfd62eff461518dcb1e307b195e93bba60c965a4dcf1ba0",
                "sha256:37951ad2f4a6df6506750a23f7cbabad24c73c65f23f72e95897bb2cecbae676",
                "sha256:3af642b43ce56c24d063325dd2cf20ee012d2b9ba4c3c008755a301aaea720ad",
                "sha256:44db35a9e15d6fe5c40d74952e803b1d96e964f683b5a78c3cc64eb177878155",
                "sha256:473d93d4450880fe278696549f2e7aed8cd23708c3c1997981464475f32137db",
                "sha256:477c3ea0ba410b2b56b7efb072c36fa91b1e6fc331761798fa3f28bb224830dd",
                "sha256:4a4a4e30bf1edcad13fb0804300557aedd07a92cabc74382fdd0ba6ca2661091",
                "sha256:4aed991a28ea3ce320dc8ce655875e1e00a11bdd29fe9444dd4f88c30d558602",
                "sha256:51467000f3647d519272392f484126aa716f747859794ac9924a7aafa86cd411",
                "sha256:55c3d1072704d27401c92339144d199d9de7b52627f724a949fc7d5fc56d8b93",
                "sha256:589c72667a5febd36f1315aa6e5f56dd4aa4862df295cb51c769d16142ddd7cd",
                "sha256:5bfde62d1d2641a1f5173b8c8c2d96ceb4854f54a44c23102e2ccc7e02f003ec",
                "sha256:5c23b1ad869653bc818e972b7a3a79852d0e494e9ab7e1a701a3decc49c20d51",
                "sha256:61bfc23df345d8c9716d03717c2ed5e27374e0fe6f659ea64edcd27b4b044cf7",
                "sha256:6ae828d3a003f03ae31915c31fa684b9890ea44c9c989056fea96e3d12a9fa17",
                "sha256:6c7cefb4b0640703eb1069835c02486669312bf2f12b48a748e0a7756d0de33d",
                "sha256:6d69f36d445c45cda7b3b26afef2fc34ef5ac0cdc75584a87ef307ee3c8c6d00",
                "sha256:6f0d5f33feb5f69ddd57a4a4bd3d56c719a141080b445cbf18f238973c5c9923",
                "sha256:6f8b01295e26c68b3a1b90efb7a89029110d3a4139270b24fda961893216c440",
                "sha256:713ac174a629d39b7c6a3aa757b337599798da4c1157114a314e4e391cd28e32",
                "sha256:718626a174e7e467f0558954f94af117b7d4695d48eb980146016afa4b580b2e",
                "sha256:7187a76598bdb895af0adbd2fb7474d7f6025d170bc0a1130242da817ce9e7d1",
                "sha256:71927042ed6365a09a98a6377501af5c9f0a4d38083652bcd2281a06a5976724",
                "sha256:7d08744e9bae2ca9c382581f7dce1273fe3c9bae94ff572c3626e8da5b193c6a",
                "sha256:7dadf3c307b31e0e61689cbf9e06be7a867c563d5a63ce9dca578f956609abf8",
                "sha256:81e3d8c34c623ca4e36c46524a3530e99c0bc95ed068fd6e9b55cb721d408fb2",
                "sha256:844a9b460871ee0a0b0b68a64890dae9c415e513db0f4a7e3cab41a0f2fedf33",
                "sha256:8b7ef7cbd4fec9a1e811a5de813311ed4f7ac7d93e0fda233c9b3e1428f7dd7b",
                "sha256:97ef77eb6b044134c0b3a96e16abcb05ecce892965a2124c566af0fd60f717e2",
                "sha256:99b5eeae8e019e7aad8af8bb314fb908dd2e028b3cdaad87ec05095394cce632",
                "sha256:a25fa703a527158aaf10dafd956f7d42ac6d30ec80e9a70846253dd13e2f067b",
                "sha256:a2f635ce61a89c5732537a7896b6319a8fcfa23ba09bec36e1b1ac0ab31270d2",
                "sha256:a79004bb58748f31ae1cbe9fa891054baaa46fb106c2dc7af9f8e3304dc30316",
                "sha256:a996d01ca39b8dfe77440f3cd600825d05841088fd6bc0144cc6c2ec14cc5f74",
                "sha256:b0e20cddbd676ab8a64c774fefa0ad787cc506afd844de95da56060348021e96",
                "sha256:b6613280ccedf24354406caf785db748bebbddcf31408b20c0b48cb86af76866",
                "sha256:b9d00268fcb9f66fbcc7cd9fe423741d90c75ee029a1d15c09b22d23253c0a44",
                "sha256:bb01ba6b0d3f6c68b89fce7305080145d4877ad3acaed424bae4d4ee75faa950",
                "sha256:c2aef4703f1f2ddc6df17519885dbfa3514929149d3ff900b73f45998f2532fa",
                "sha256:c34dc4958b232ef6188c4318cb7b2c2d80521c9a56c52449f8f93ab7bc2a8a1c",
                "sha256:c3630c3ef435c0a7c549ba170a0633a56e92629aeed0e707fec832dee313fb7a",
                "sha256:c3d6a4d0619e09dcd61021debf7059955c2004fa29f48788a3dfaf9c9901a7cd",
                "sha256:d15367ce87c8e9e09b0f989bfd72dc641bcd04ba091c68cd305312d00962addd",
                "sha256:d2f9b69293c33aaa53d923032fe227feac867f81682f002ce33ffae978f0a9a9",
                "sha256:e999f2d0e12eea01caeecb17b653f3713d758f6dcc770417cf29ef08d3931421",
                "sha256:ea302f34477fda3f85560a06d9ebdc7fa41e82420e892fc50b577e35fc6a50b2",
                "sha256:eaba923151d9deea315be1f3e2b31cc39a6d1d2f682f942905951f4e40200922",
                "sha256:ef9612483cb35171d51d9173647eed5d0069eaa2ee812793a75373447d487aa4",
                "sha256:f5315a2eb0239185af1bddb1abf472d877fede3cc8d143c6cddad37678293237",
                "sha256:fa0ffcace9b3aa34d205d8130f7873fcfefcb6a4dd3dd705b0dab69af6712642",
                "sha256:fc5471e1a54de15ef71c1bc6ebe80d4dc681ea600e68bfd1cbce40427f0b7578"
            ],
            "index": "pypi",
            "version": "==3.8.1"
        },
        "aiosignal": {
            "hashes": [
                "sha256:54cd96e15e1649b75d6c87526a6ff0b6c1b0dd3459f43d9ca11d48c339b68cfc",
                "sha256:f8376fb07dd1e86a584e4fcdec80b36b7f81aac666ebc724e2c090300dd83b17"
            ],
            "markers": "python_version >= '3.7'",
            "version": "==1.3.1"
        },
        "async-timeout": {
            "hashes": [
                "sha256:2163e1640ddb52b7a8c80d0a67a08587e5d245cc9c553a74a847056bc2976b15",
                "sha256:8ca1e4fcf50d07413d66d1a5e416e42cfdf5851c981d679a09851a6853383b3c"
            ],
            "markers": "python_version >= '3.6'",
            "version": "==4.0.2"
        },
        "asynctest": {
            "hashes": [
                "sha256:5da6118a7e6d6b54d83a8f7197769d046922a44d2a99c21382f0a6e4fadae676",
                "sha256:c27862842d15d83e6a34eb0b2866c323880eb3a75e4485b079ea11748fd77fac"
            ],
            "markers": "python_version < '3.8'",
            "version": "==0.13.0"
        },
        "attrs": {
            "hashes": [
                "sha256:29adc2665447e5191d0e7c568fde78b21f9672d344281d0c6e1ab085429b22b6",
                "sha256:86efa402f67bf2df34f51a335487cf46b1ec130d02b8d39fd248abfd30da551c"
            ],
            "markers": "python_version >= '3.5'",
            "version": "==22.1.0"
        },
        "beautifulsoup4": {
            "hashes": [
                "sha256:9a315ce70049920ea4572a4055bc4bd700c940521d36fc858205ad4fcde149bf",
                "sha256:c23ad23c521d818955a4151a67d81580319d4bf548d3d49f4223ae041ff98891"
            ],
            "index": "pypi",
            "version": "==4.10.0"
        },
        "certifi": {
            "hashes": [
                "sha256:35824b4c3a97115964b408844d64aa14db1cc518f6562e8d7261699d1350a9e3",
                "sha256:4ad3232f5e926d6718ec31cfc1fcadfde020920e278684144551c91769c7bc18"
            ],
            "index": "pypi",
            "version": "==2022.12.7"
        },
        "charset-normalizer": {
            "hashes": [
                "sha256:2857e29ff0d34db842cd7ca3230549d1a697f96ee6d3fb071cfa6c7393832597",
                "sha256:6881edbebdb17b39b4eaaa821b438bf6eddffb4468cf344f09f89def34a8b1df"
            ],
            "markers": "python_version >= '3'",
            "version": "==2.0.12"
        },
        "frozenlist": {
            "hashes": [
                "sha256:008a054b75d77c995ea26629ab3a0c0d7281341f2fa7e1e85fa6153ae29ae99c",
                "sha256:02c9ac843e3390826a265e331105efeab489ffaf4dd86384595ee8ce6d35ae7f",
                "sha256:034a5c08d36649591be1cbb10e09da9f531034acfe29275fc5454a3b101ce41a",
                "sha256:05cdb16d09a0832eedf770cb7bd1fe57d8cf4eaf5aced29c4e41e3f20b30a784",
                "sha256:0693c609e9742c66ba4870bcee1ad5ff35462d5ffec18710b4ac89337ff16e27",
                "sha256:0771aed7f596c7d73444c847a1c16288937ef988dc04fb9f7be4b2aa91db609d",
                "sha256:0af2e7c87d35b38732e810befb9d797a99279cbb85374d42ea61c1e9d23094b3",
                "sha256:14143ae966a6229350021384870458e4777d1eae4c28d1a7aa47f24d030e6678",
                "sha256:180c00c66bde6146a860cbb81b54ee0df350d2daf13ca85b275123bbf85de18a",
                "sha256:1841e200fdafc3d51f974d9d377c079a0694a8f06de2e67b48150328d66d5483",
                "sha256:23d16d9f477bb55b6154654e0e74557040575d9d19fe78a161bd33d7d76808e8",
                "sha256:2b07ae0c1edaa0a36339ec6cce700f51b14a3fc6545fdd32930d2c83917332cf",
                "sha256:2c926450857408e42f0bbc295e84395722ce74bae69a3b2aa2a65fe22cb14b99",
                "sha256:2e24900aa13212e75e5b366cb9065e78bbf3893d4baab6052d1aca10d46d944c",
                "sha256:303e04d422e9b911a09ad499b0368dc551e8c3cd15293c99160c7f1f07b59a48",
                "sha256:352bd4c8c72d508778cf05ab491f6ef36149f4d0cb3c56b1b4302852255d05d5",
                "sha256:3843f84a6c465a36559161e6c59dce2f2ac10943040c2fd021cfb70d58c4ad56",
                "sha256:394c9c242113bfb4b9aa36e2b80a05ffa163a30691c7b5a29eba82e937895d5e",
                "sha256:3bbdf44855ed8f0fbcd102ef05ec3012d6a4fd7c7562403f76ce6a52aeffb2b1",
                "sha256:40de71985e9042ca00b7953c4f41eabc3dc514a2d1ff534027f091bc74416401",
                "sha256:41fe21dc74ad3a779c3d73a2786bdf622ea81234bdd4faf90b8b03cad0c2c0b4",
                "sha256:47df36a9fe24054b950bbc2db630d508cca3aa27ed0566c0baf661225e52c18e",
                "sha256:4ea42116ceb6bb16dbb7d526e242cb6747b08b7710d9782aa3d6732bd8d27649",
                "sha256:58bcc55721e8a90b88332d6cd441261ebb22342e238296bb330968952fbb3a6a",
                "sha256:5c11e43016b9024240212d2a65043b70ed8dfd3b52678a1271972702d990ac6d",
                "sha256:5cf820485f1b4c91e0417ea0afd41ce5cf5965011b3c22c400f6d144296ccbc0",
                "sha256:5d8860749e813a6f65bad8285a0520607c9500caa23fea6ee407e63debcdbef6",
                "sha256:6327eb8e419f7d9c38f333cde41b9ae348bec26d840927332f17e887a8dcb70d",
                "sha256:65a5e4d3aa679610ac6e3569e865425b23b372277f89b5ef06cf2cdaf1ebf22b",
                "sha256:66080ec69883597e4d026f2f71a231a1ee9887835902dbe6b6467d5a89216cf6",
                "sha256:783263a4eaad7c49983fe4b2e7b53fa9770c136c270d2d4bbb6d2192bf4d9caf",
                "sha256:7f44e24fa70f6fbc74aeec3e971f60a14dde85da364aa87f15d1be94ae75aeef",
                "sha256:7fdfc24dcfce5b48109867c13b4cb15e4660e7bd7661741a391f821f23dfdca7",
                "sha256:810860bb4bdce7557bc0febb84bbd88198b9dbc2022d8eebe5b3590b2ad6c842",
                "sha256:841ea19b43d438a80b4de62ac6ab21cfe6827bb8a9dc62b896acc88eaf9cecba",
                "sha256:84610c1502b2461255b4c9b7d5e9c48052601a8957cd0aea6ec7a7a1e1fb9420",
                "sha256:899c5e1928eec13fd6f6d8dc51be23f0d09c5281e40d9cf4273d188d9feeaf9b",
                "sha256:8bae29d60768bfa8fb92244b74502b18fae55a80eac13c88eb0b496d4268fd2d",
                "sha256:8df3de3a9ab8325f94f646609a66cbeeede263910c5c0de0101079ad541af332",
                "sha256:8fa3c6e3305aa1146b59a09b32b2e04074945ffcfb2f0931836d103a2c38f936",
                "sha256:924620eef691990dfb56dc4709f280f40baee568c794b5c1885800c3ecc69816",
                "sha256:9309869032abb23d196cb4e4db574232abe8b8be1339026f489eeb34a4acfd91",
                "sha256:9545a33965d0d377b0bc823dcabf26980e77f1b6a7caa368a365a9497fb09420",
                "sha256:9ac5995f2b408017b0be26d4a1d7c61bce106ff3d9e3324374d66b5964325448",
                "sha256:9bbbcedd75acdfecf2159663b87f1bb5cfc80e7cd99f7ddd9d66eb98b14a8411",
                "sha256:a4ae8135b11652b08a8baf07631d3ebfe65a4c87909dbef5fa0cdde440444ee4",
                "sha256:a6394d7dadd3cfe3f4b3b186e54d5d8504d44f2d58dcc89d693698e8b7132b32",
                "sha256:a97b4fe50b5890d36300820abd305694cb865ddb7885049587a5678215782a6b",
                "sha256:ae4dc05c465a08a866b7a1baf360747078b362e6a6dbeb0c57f234db0ef88ae0",
                "sha256:b1c63e8d377d039ac769cd0926558bb7068a1f7abb0f003e3717ee003ad85530",
                "sha256:b1e2c1185858d7e10ff045c496bbf90ae752c28b365fef2c09cf0fa309291669",
                "sha256:b4395e2f8d83fbe0c627b2b696acce67868793d7d9750e90e39592b3626691b7",
                "sha256:b756072364347cb6aa5b60f9bc18e94b2f79632de3b0190253ad770c5df17db1",
                "sha256:ba64dc2b3b7b158c6660d49cdb1d872d1d0bf4e42043ad8d5006099479a194e5",
                "sha256:bed331fe18f58d844d39ceb398b77d6ac0b010d571cba8267c2e7165806b00ce",
                "sha256:c188512b43542b1e91cadc3c6c915a82a5eb95929134faf7fd109f14f9892ce4",
                "sha256:c21b9aa40e08e4f63a2f92ff3748e6b6c84d717d033c7b3438dd3123ee18f70e",
                "sha256:ca713d4af15bae6e5d79b15c10c8522859a9a89d3b361a50b817c98c2fb402a2",
                "sha256:cd4210baef299717db0a600d7a3cac81d46ef0e007f88c9335db79f8979c0d3d",
                "sha256:cfe33efc9cb900a4c46f91a5ceba26d6df370ffddd9ca386eb1d4f0ad97b9ea9",
                "sha256:d5cd3ab21acbdb414bb6c31958d7b06b85eeb40f66463c264a9b343a4e238642",
                "sha256:dfbac4c2dfcc082fcf8d942d1e49b6aa0766c19d3358bd86e2000bf0fa4a9cf0",
                "sha256:e235688f42b36be2b6b06fc37ac2126a73b75fb8d6bc66dd632aa35286238703",
                "sha256:eb82dbba47a8318e75f679690190c10a5e1f447fbf9df41cbc4c3afd726d88cb",
                "sha256:ebb86518203e12e96af765ee89034a1dbb0c3c65052d1b0c19bbbd6af8a145e1",
                "sha256:ee78feb9d293c323b59a6f2dd441b63339a30edf35abcb51187d2fc26e696d13",
                "sha256:eedab4c310c0299961ac285591acd53dc6723a1ebd90a57207c71f6e0c2153ab",
                "sha256:efa568b885bca461f7c7b9e032655c0c143d305bf01c30caf6db2854a4532b38",
                "sha256:efce6ae830831ab6a22b9b4091d411698145cb9b8fc869e1397ccf4b4b6455cb",
                "sha256:f163d2fd041c630fed01bc48d28c3ed4a3b003c00acd396900e11ee5316b56bb",
                "sha256:f20380df709d91525e4bee04746ba612a4df0972c1b8f8e1e8af997e678c7b81",
                "sha256:f30f1928162e189091cf4d9da2eac617bfe78ef907a761614ff577ef4edfb3c8",
                "sha256:f470c92737afa7d4c3aacc001e335062d582053d4dbe73cda126f2d7031068dd",
                "sha256:ff8bf625fe85e119553b5383ba0fb6aa3d0ec2ae980295aaefa552374926b3f4"
            ],
            "markers": "python_version >= '3.7'",
            "version": "==1.3.3"
        },
        "idna": {
            "hashes": [
                "sha256:814f528e8dead7d329833b91c5faa87d60bf71824cd12a7530b5526063d02cb4",
                "sha256:90b77e79eaa3eba6de819a0c442c0b4ceefc341a7a2ab77d7562bf49f425c5c2"
            ],
            "markers": "python_version >= '3'",
            "version": "==3.4"
        },
        "multidict": {
            "hashes": [
                "sha256:018c8e3be7f161a12b3e41741b6721f9baeb2210f4ab25a6359b7d76c1017dce",
                "sha256:01b456046a05ff7cceefb0e1d2a9d32f05efcb1c7e0d152446304e11557639ce",
                "sha256:114a4ab3e5cfbc56c4b6697686ecb92376c7e8c56893ef20547921552f8bdf57",
                "sha256:12e0d396faa6dc55ff5379eee54d1df3b508243ff15bfc8295a6ec7a4483a335",
                "sha256:190626ced82d4cc567a09e7346340d380154a493bac6905e0095d8158cdf1e38",
                "sha256:1f5d5129a937af4e3c4a1d6c139f4051b7d17d43276cefdd8d442a7031f7eef2",
                "sha256:21e1ce0b187c4e93112304dcde2aa18922fdbe8fb4f13d8aa72a5657bce0563a",
                "sha256:24e8d513bfcaadc1f8b0ebece3ff50961951c54b07d5a775008a882966102418",
                "sha256:2523a29006c034687eccd3ee70093a697129a3ffe8732535d3b2df6a4ecc279d",
                "sha256:26fbbe17f8a7211b623502d2bf41022a51da3025142401417c765bf9a56fed4c",
                "sha256:2b66d61966b12e6bba500e5cbb2c721a35e119c30ee02495c5629bd0e91eea30",
                "sha256:2cf5d19e12eff855aa198259c0b02fd3f5d07e1291fbd20279c37b3b0e6c9852",
                "sha256:2cfda34b7cb99eacada2072e0f69c0ad3285cb6f8e480b11f2b6d6c1c6f92718",
                "sha256:3541882266247c7cd3dba78d6ef28dbe704774df60c9e4231edaa4493522e614",
                "sha256:36df958b15639e40472adaa4f0c2c7828fe680f894a6b48c4ce229f59a6a798b",
                "sha256:38d394814b39be1c36ac709006d39d50d72a884f9551acd9c8cc1ffae3fc8c4e",
                "sha256:4159fc1ec9ede8ab93382e0d6ba9b1b3d23c72da39a834db7a116986605c7ab4",
                "sha256:445c0851a1cbc1f2ec3b40bc22f9c4a235edb3c9a0906122a9df6ea8d51f886c",
                "sha256:47defc0218682281a52fb1f6346ebb8b68b17538163a89ea24dfe4da37a8a9a3",
                "sha256:4cc5c8cd205a9810d16a5cd428cd81bac554ad1477cb87f4ad722b10992e794d",
                "sha256:4ccf55f28066b4f08666764a957c2b7c241c7547b0921d69c7ceab5f74fe1a45",
                "sha256:4fb3fe591956d8841882c463f934c9f7485cfd5f763a08c0d467b513dc18ef89",
                "sha256:526f8397fc124674b8f39748680a0ff673bd6a715fecb4866716d36e380f015f",
                "sha256:578bfcb16f4b8675ef71b960c00f174b0426e0eeb796bab6737389d8288eb827",
                "sha256:5b51969503709415a35754954c2763f536a70b8bf7360322b2edb0c0a44391f6",
                "sha256:5e58ec0375803526d395f6f7e730ecc45d06e15f68f7b9cdbf644a2918324e51",
                "sha256:62db44727d0befea68e8ad2881bb87a9cfb6b87d45dd78609009627167f37b69",
                "sha256:67090b17a0a5be5704fd109f231ee73cefb1b3802d41288d6378b5df46ae89ba",
                "sha256:6cd14e61f0da2a2cfb9fe05bfced2a1ed7063ce46a7a8cd473be4973de9a7f91",
                "sha256:70740c2bc9ab1c99f7cdcb104f27d16c63860c56d51c5bf0ef82fc1d892a2131",
                "sha256:73009ea04205966d47e16d98686ac5c438af23a1bb30b48a2c5da3423ec9ce37",
                "sha256:791458a1f7d1b4ab3bd9e93e0dcd1d59ef7ee9aa051dcd1ea030e62e49b923fd",
                "sha256:7f9511e48bde6b995825e8d35e434fc96296cf07a25f4aae24ff9162be7eaa46",
                "sha256:81c3d597591b0940e04949e4e4f79359b2d2e542a686ba0da5e25de33fec13e0",
                "sha256:8230a39bae6c2e8a09e4da6bace5064693b00590a4a213e38f9a9366da10e7dd",
                "sha256:8b92a9f3ab904397a33b193000dc4de7318ea175c4c460a1e154c415f9008e3d",
                "sha256:94cbe5535ef150546b8321aebea22862a3284da51e7b55f6f95b7d73e96d90ee",
                "sha256:960ce1b790952916e682093788696ef7e33ac6a97482f9b983abdc293091b531",
                "sha256:99341ca1f1db9e7f47914cb2461305665a662383765ced6f843712564766956d",
                "sha256:9aac6881454a750554ed4b280a839dcf9e2133a9d12ab4d417d673fb102289b7",
                "sha256:9d359b0a962e052b713647ac1f13eabf2263167b149ed1e27d5c579f5c8c7d2c",
                "sha256:9dbab2a7e9c073bc9538824a01f5ed689194db7f55f2b8102766873e906a6c1a",
                "sha256:a27b029caa3b555a4f3da54bc1e718eb55fcf1a11fda8bf0132147b476cf4c08",
                "sha256:a8b817d4ed68fd568ec5e45dd75ddf30cc72a47a6b41b74d5bb211374c296f5e",
                "sha256:ad7d66422b9cc51125509229693d27e18c08f2dea3ac9de408d821932b1b3759",
                "sha256:b46e79a9f4db53897d17bc64a39d1c7c2be3e3d4f8dba6d6730a2b13ddf0f986",
                "sha256:baa96a3418e27d723064854143b2f414a422c84cc87285a71558722049bebc5a",
                "sha256:beeca903e4270b4afcd114f371a9602240dc143f9e944edfea00f8d4ad56c40d",
                "sha256:c2a1168e5aa7c72499fb03c850e0f03f624fa4a5c8d2e215c518d0a73872eb64",
                "sha256:c5790cc603456b6dcf8a9a4765f666895a6afddc88b3d3ba7b53dea2b6e23116",
                "sha256:cb4a08f0aaaa869f189ffea0e17b86ad0237b51116d494da15ef7991ee6ad2d7",
                "sha256:cd5771e8ea325f85cbb361ddbdeb9ae424a68e5dfb6eea786afdcd22e68a7d5d",
                "sha256:ce8e51774eb03844588d3c279adb94efcd0edeccd2f97516623292445bcc01f9",
                "sha256:d09daf5c6ce7fc6ed444c9339bbde5ea84e2534d1ca1cd37b60f365c77f00dea",
                "sha256:d0e798b072cf2aab9daceb43d97c9c527a0c7593e67a7846ad4cc6051de1e303",
                "sha256:d325d61cac602976a5d47b19eaa7d04e3daf4efce2164c630219885087234102",
                "sha256:d408172519049e36fb6d29672f060dc8461fc7174eba9883c7026041ef9bfb38",
                "sha256:d52442e7c951e4c9ee591d6047706e66923d248d83958bbf99b8b19515fffaef",
                "sha256:dc4cfef5d899f5f1a15f3d2ac49f71107a01a5a2745b4dd53fa0cede1419385a",
                "sha256:df7b4cee3ff31b3335aba602f8d70dbc641e5b7164b1e9565570c9d3c536a438",
                "sha256:e068dfeadbce63072b2d8096486713d04db4946aad0a0f849bd4fc300799d0d3",
                "sha256:e07c24018986fb00d6e7eafca8fcd6e05095649e17fcf0e33a592caaa62a78b9",
                "sha256:e0bce9f7c30e7e3a9e683f670314c0144e8d34be6b7019e40604763bd278d84f",
                "sha256:e1925f78a543b94c3d46274c66a366fee8a263747060220ed0188e5f3eeea1c0",
                "sha256:e322c94596054352f5a02771eec71563c018b15699b961aba14d6dd943367022",
                "sha256:e4a095e18847c12ec20e55326ab8782d9c2d599400a3a2f174fab4796875d0e2",
                "sha256:e5a811aab1b4aea0b4be669363c19847a8c547510f0e18fb632956369fdbdf67",
                "sha256:eddf604a3de2ace3d9a4e4d491be7562a1ac095a0a1c95a9ec5781ef0273ef11",
                "sha256:ee9b1cae9a6c5d023e5a150f6f6b9dbb3c3bbc7887d6ee07d4c0ecb49a473734",
                "sha256:f1650ea41c408755da5eed52ac6ccbc8938ccc3e698d81e6f6a1be02ff2a0945",
                "sha256:f2c0957b3e8c66c10d27272709a5299ab3670a0f187c9428f3b90d267119aedb",
                "sha256:f76109387e1ec8d8e2137c94c437b89fe002f29e0881aae8ae45529bdff92000",
                "sha256:f8a728511c977df6f3d8af388fcb157e49f11db4a6637dd60131b8b6e40b0253",
                "sha256:fb6c3dc3d65014d2c782f5acf0b3ba14e639c6c33d3ed8932ead76b9080b3544"
            ],
            "markers": "python_version >= '3.7'",
            "version": "==6.0.3"
        },
        "pillow": {
            "hashes": [
                "sha256:088df396b047477dd1bbc7de6e22f58400dae2f21310d9e2ec2933b2ef7dfa4f",
                "sha256:09e67ef6e430f90caa093528bd758b0616f8165e57ed8d8ce014ae32df6a831d",
                "sha256:0b4d5ad2cd3a1f0d1df882d926b37dbb2ab6c823ae21d041b46910c8f8cd844b",
                "sha256:0b525a356680022b0af53385944026d3486fc8c013638cf9900eb87c866afb4c",
                "sha256:1d4331aeb12f6b3791911a6da82de72257a99ad99726ed6b63f481c0184b6fb9",
                "sha256:20d514c989fa28e73a5adbddd7a171afa5824710d0ab06d4e1234195d2a2e546",
                "sha256:2b291cab8a888658d72b575a03e340509b6b050b62db1f5539dd5cd18fd50578",
                "sha256:3f6c1716c473ebd1649663bf3b42702d0d53e27af8b64642be0dd3598c761fb1",
                "sha256:42dfefbef90eb67c10c45a73a9bc1599d4dac920f7dfcbf4ec6b80cb620757fe",
                "sha256:488f3383cf5159907d48d32957ac6f9ea85ccdcc296c14eca1a4e396ecc32098",
                "sha256:4d45dbe4b21a9679c3e8b3f7f4f42a45a7d3ddff8a4a16109dff0e1da30a35b2",
                "sha256:53c27bd452e0f1bc4bfed07ceb235663a1df7c74df08e37fd6b03eb89454946a",
                "sha256:55e74faf8359ddda43fee01bffbc5bd99d96ea508d8a08c527099e84eb708f45",
                "sha256:59789a7d06c742e9d13b883d5e3569188c16acb02eeed2510fd3bfdbc1bd1530",
                "sha256:5b650dbbc0969a4e226d98a0b440c2f07a850896aed9266b6fedc0f7e7834108",
                "sha256:66daa16952d5bf0c9d5389c5e9df562922a59bd16d77e2a276e575d32e38afd1",
                "sha256:6e760cf01259a1c0a50f3c845f9cad1af30577fd8b670339b1659c6d0e7a41dd",
                "sha256:7502539939b53d7565f3d11d87c78e7ec900d3c72945d4ee0e2f250d598309a0",
                "sha256:769a7f131a2f43752455cc72f9f7a093c3ff3856bf976c5fb53a59d0ccc704f6",
                "sha256:7c150dbbb4a94ea4825d1e5f2c5501af7141ea95825fadd7829f9b11c97aaf6c",
                "sha256:8844217cdf66eabe39567118f229e275f0727e9195635a15e0e4b9227458daaf",
                "sha256:8a66fe50386162df2da701b3722781cbe90ce043e7d53c1fd6bd801bca6b48d4",
                "sha256:9370d6744d379f2de5d7fa95cdbd3a4d92f0b0ef29609b4b1687f16bc197063d",
                "sha256:937a54e5694684f74dcbf6e24cc453bfc5b33940216ddd8f4cd8f0f79167f765",
                "sha256:9c857532c719fb30fafabd2371ce9b7031812ff3889d75273827633bca0c4602",
                "sha256:a4165205a13b16a29e1ac57efeee6be2dfd5b5408122d59ef2145bc3239fa340",
                "sha256:b3fe2ff1e1715d4475d7e2c3e8dabd7c025f4410f79513b4ff2de3d51ce0fa9c",
                "sha256:b6617221ff08fbd3b7a811950b5c3f9367f6e941b86259843eab77c8e3d2b56b",
                "sha256:b761727ed7d593e49671d1827044b942dd2f4caae6e51bab144d4accf8244a84",
                "sha256:baf3be0b9446a4083cc0c5bb9f9c964034be5374b5bc09757be89f5d2fa247b8",
                "sha256:c17770a62a71718a74b7548098a74cd6880be16bcfff5f937f900ead90ca8e92",
                "sha256:c67db410508b9de9c4694c57ed754b65a460e4812126e87f5052ecf23a011a54",
                "sha256:d78ca526a559fb84faaaf84da2dd4addef5edb109db8b81677c0bb1aad342601",
                "sha256:e9ed59d1b6ee837f4515b9584f3d26cf0388b742a11ecdae0d9237a94505d03a",
                "sha256:f054b020c4d7e9786ae0404278ea318768eb123403b18453e28e47cdb7a0a4bf",
                "sha256:f372d0f08eff1475ef426344efe42493f71f377ec52237bf153c5713de987251",
                "sha256:f3f6a6034140e9e17e9abc175fc7a266a6e63652028e157750bd98e804a8ed9a",
                "sha256:ffde4c6fabb52891d81606411cbfaf77756e3b561b566efd270b3ed3791fde4e"
            ],
            "index": "pypi",
            "version": "==9.1.1"
        },
        "pydantic": {
            "hashes": [
                "sha256:1061c6ee6204f4f5a27133126854948e3b3d51fcc16ead2e5d04378c199b2f44",
                "sha256:19b5686387ea0d1ea52ecc4cffb71abb21702c5e5b2ac626fd4dbaa0834aa49d",
                "sha256:2bd446bdb7755c3a94e56d7bdfd3ee92396070efa8ef3a34fab9579fe6aa1d84",
                "sha256:328558c9f2eed77bd8fffad3cef39dbbe3edc7044517f4625a769d45d4cf7555",
                "sha256:32e0b4fb13ad4db4058a7c3c80e2569adbd810c25e6ca3bbd8b2a9cc2cc871d7",
                "sha256:3ee0d69b2a5b341fc7927e92cae7ddcfd95e624dfc4870b32a85568bd65e6131",
                "sha256:4aafd4e55e8ad5bd1b19572ea2df546ccace7945853832bb99422a79c70ce9b8",
                "sha256:4b3946f87e5cef3ba2e7bd3a4eb5a20385fe36521d6cc1ebf3c08a6697c6cfb3",
                "sha256:4de71c718c9756d679420c69f216776c2e977459f77e8f679a4a961dc7304a56",
                "sha256:5565a49effe38d51882cb7bac18bda013cdb34d80ac336428e8908f0b72499b0",
                "sha256:5803ad846cdd1ed0d97eb00292b870c29c1f03732a010e66908ff48a762f20e4",
                "sha256:5da164119602212a3fe7e3bc08911a89db4710ae51444b4224c2382fd09ad453",
                "sha256:615661bfc37e82ac677543704437ff737418e4ea04bef9cf11c6d27346606044",
                "sha256:78a4d6bdfd116a559aeec9a4cfe77dda62acc6233f8b56a716edad2651023e5e",
                "sha256:7d0f183b305629765910eaad707800d2f47c6ac5bcfb8c6397abdc30b69eeb15",
                "sha256:7ead3cd020d526f75b4188e0a8d71c0dbbe1b4b6b5dc0ea775a93aca16256aeb",
                "sha256:84d76ecc908d917f4684b354a39fd885d69dd0491be175f3465fe4b59811c001",
                "sha256:8cb0bc509bfb71305d7a59d00163d5f9fc4530f0881ea32c74ff4f74c85f3d3d",
                "sha256:91089b2e281713f3893cd01d8e576771cd5bfdfbff5d0ed95969f47ef6d676c3",
                "sha256:9c9e04a6cdb7a363d7cb3ccf0efea51e0abb48e180c0d31dca8d247967d85c6e",
                "sha256:a8c5360a0297a713b4123608a7909e6869e1b56d0e96eb0d792c27585d40757f",
                "sha256:afacf6d2a41ed91fc631bade88b1d319c51ab5418870802cedb590b709c5ae3c",
                "sha256:b34ba24f3e2d0b39b43f0ca62008f7ba962cff51efa56e64ee25c4af6eed987b",
                "sha256:bd67cb2c2d9602ad159389c29e4ca964b86fa2f35c2faef54c3eb28b4efd36c8",
                "sha256:c0f5e142ef8217019e3eef6ae1b6b55f09a7a15972958d44fbd228214cede567",
                "sha256:cdb4272678db803ddf94caa4f94f8672e9a46bae4a44f167095e4d06fec12979",
                "sha256:d70916235d478404a3fa8c997b003b5f33aeac4686ac1baa767234a0f8ac2326",
                "sha256:d8ce3fb0841763a89322ea0432f1f59a2d3feae07a63ea2c958b2315e1ae8adb",
                "sha256:e0b214e57623a535936005797567231a12d0da0c29711eb3514bc2b3cd008d0f",
                "sha256:e631c70c9280e3129f071635b81207cad85e6c08e253539467e4ead0e5b219aa",
                "sha256:e78578f0c7481c850d1c969aca9a65405887003484d24f6110458fb02cca7747",
                "sha256:f0ca86b525264daa5f6b192f216a0d1e860b7383e3da1c65a1908f9c02f42801",
                "sha256:f1a68f4f65a9ee64b6ccccb5bf7e17db07caebd2730109cb8a95863cfa9c4e55",
                "sha256:fafe841be1103f340a24977f61dee76172e4ae5f647ab9e7fd1e1fca51524f08",
                "sha256:ff68fc85355532ea77559ede81f35fff79a6a5543477e168ab3a381887caea76"
            ],
            "markers": "python_full_version >= '3.6.1'",
            "version": "==1.9.2"
        },
        "requests": {
            "hashes": [
                "sha256:68d7c56fd5a8999887728ef304a6d12edc7be74f1cfa47714fc8b414525c9a61",
                "sha256:f22fa1e554c9ddfd16e6e41ac79759e17be9e492b3587efa038054674760e72d"
            ],
            "index": "pypi",
            "version": "==2.27.1"
        },
        "soupsieve": {
            "hashes": [
                "sha256:3b2503d3c7084a42b1ebd08116e5f81aadfaea95863628c80a3b774a11b7c759",
                "sha256:fc53893b3da2c33de295667a0e19f078c14bf86544af307354de5fcf12a3f30d"
            ],
            "markers": "python_version >= '3.6'",
            "version": "==2.3.2.post1"
        },
        "transmission-clutch": {
            "hashes": [
                "sha256:3cedd0e46c182728a9509f5deb6939e61be11a879e4887290ac2b2b9b9160bd0",
                "sha256:403e2999ab779d844cc227200178a299076c50b9a13b38ee7666f23f5c0ff602"
            ],
            "index": "pypi",
            "version": "==6.0.3"
        },
        "typing-extensions": {
            "hashes": [
                "sha256:49f75d16ff11f1cd258e1b988ccff82a3ca5570217d7ad8c5f48205dd99a677e",
                "sha256:d8226d10bc02a29bcc81df19a26e56a9647f8b0a6d4a83924139f4a8b01f17b7",
                "sha256:f1d25edafde516b146ecd0613dabcc61409817af4766fbbcfb8d1ad4ec441a34"
            ],
            "markers": "python_version == '3.7'",
            "version": "==3.10.0.2"
        },
        "urllib3": {
            "hashes": [
                "sha256:47cc05d99aaa09c9e72ed5809b60e7ba354e64b59c9c173ac3018642d8bb41fc",
                "sha256:c083dd0dce68dbfbe1129d5271cb90f9447dea7d52097c6e0126120c521ddea8"
            ],
            "markers": "python_version >= '2.7' and python_version not in '3.0, 3.1, 3.2, 3.3, 3.4, 3.5'",
            "version": "==1.26.13"
        },
        "yarl": {
            "hashes": [
                "sha256:009a028127e0a1755c38b03244c0bea9d5565630db9c4cf9572496e947137a87",
                "sha256:0414fd91ce0b763d4eadb4456795b307a71524dbacd015c657bb2a39db2eab89",
                "sha256:0978f29222e649c351b173da2b9b4665ad1feb8d1daa9d971eb90df08702668a",
                "sha256:0ef8fb25e52663a1c85d608f6dd72e19bd390e2ecaf29c17fb08f730226e3a08",
                "sha256:10b08293cda921157f1e7c2790999d903b3fd28cd5c208cf8826b3b508026996",
                "sha256:1684a9bd9077e922300ecd48003ddae7a7474e0412bea38d4631443a91d61077",
                "sha256:1b372aad2b5f81db66ee7ec085cbad72c4da660d994e8e590c997e9b01e44901",
                "sha256:1e21fb44e1eff06dd6ef971d4bdc611807d6bd3691223d9c01a18cec3677939e",
                "sha256:2305517e332a862ef75be8fad3606ea10108662bc6fe08509d5ca99503ac2aee",
                "sha256:24ad1d10c9db1953291f56b5fe76203977f1ed05f82d09ec97acb623a7976574",
                "sha256:272b4f1599f1b621bf2aabe4e5b54f39a933971f4e7c9aa311d6d7dc06965165",
                "sha256:2a1fca9588f360036242f379bfea2b8b44cae2721859b1c56d033adfd5893634",
                "sha256:2b4fa2606adf392051d990c3b3877d768771adc3faf2e117b9de7eb977741229",
                "sha256:3150078118f62371375e1e69b13b48288e44f6691c1069340081c3fd12c94d5b",
                "sha256:326dd1d3caf910cd26a26ccbfb84c03b608ba32499b5d6eeb09252c920bcbe4f",
                "sha256:34c09b43bd538bf6c4b891ecce94b6fa4f1f10663a8d4ca589a079a5018f6ed7",
                "sha256:388a45dc77198b2460eac0aca1efd6a7c09e976ee768b0d5109173e521a19daf",
                "sha256:3adeef150d528ded2a8e734ebf9ae2e658f4c49bf413f5f157a470e17a4a2e89",
                "sha256:3edac5d74bb3209c418805bda77f973117836e1de7c000e9755e572c1f7850d0",
                "sha256:3f6b4aca43b602ba0f1459de647af954769919c4714706be36af670a5f44c9c1",
                "sha256:3fc056e35fa6fba63248d93ff6e672c096f95f7836938241ebc8260e062832fe",
                "sha256:418857f837347e8aaef682679f41e36c24250097f9e2f315d39bae3a99a34cbf",
                "sha256:42430ff511571940d51e75cf42f1e4dbdded477e71c1b7a17f4da76c1da8ea76",
                "sha256:44ceac0450e648de86da8e42674f9b7077d763ea80c8ceb9d1c3e41f0f0a9951",
                "sha256:47d49ac96156f0928f002e2424299b2c91d9db73e08c4cd6742923a086f1c863",
                "sha256:48dd18adcf98ea9cd721a25313aef49d70d413a999d7d89df44f469edfb38a06",
                "sha256:49d43402c6e3013ad0978602bf6bf5328535c48d192304b91b97a3c6790b1562",
                "sha256:4d04acba75c72e6eb90745447d69f84e6c9056390f7a9724605ca9c56b4afcc6",
                "sha256:57a7c87927a468e5a1dc60c17caf9597161d66457a34273ab1760219953f7f4c",
                "sha256:58a3c13d1c3005dbbac5c9f0d3210b60220a65a999b1833aa46bd6677c69b08e",
                "sha256:5df5e3d04101c1e5c3b1d69710b0574171cc02fddc4b23d1b2813e75f35a30b1",
                "sha256:63243b21c6e28ec2375f932a10ce7eda65139b5b854c0f6b82ed945ba526bff3",
                "sha256:64dd68a92cab699a233641f5929a40f02a4ede8c009068ca8aa1fe87b8c20ae3",
                "sha256:6604711362f2dbf7160df21c416f81fac0de6dbcf0b5445a2ef25478ecc4c778",
                "sha256:6c4fcfa71e2c6a3cb568cf81aadc12768b9995323186a10827beccf5fa23d4f8",
                "sha256:6d88056a04860a98341a0cf53e950e3ac9f4e51d1b6f61a53b0609df342cc8b2",
                "sha256:705227dccbe96ab02c7cb2c43e1228e2826e7ead880bb19ec94ef279e9555b5b",
                "sha256:728be34f70a190566d20aa13dc1f01dc44b6aa74580e10a3fb159691bc76909d",
                "sha256:74dece2bfc60f0f70907c34b857ee98f2c6dd0f75185db133770cd67300d505f",
                "sha256:75c16b2a900b3536dfc7014905a128a2bea8fb01f9ee26d2d7d8db0a08e7cb2c",
                "sha256:77e913b846a6b9c5f767b14dc1e759e5aff05502fe73079f6f4176359d832581",
                "sha256:7a66c506ec67eb3159eea5096acd05f5e788ceec7b96087d30c7d2865a243918",
                "sha256:8c46d3d89902c393a1d1e243ac847e0442d0196bbd81aecc94fcebbc2fd5857c",
                "sha256:93202666046d9edadfe9f2e7bf5e0782ea0d497b6d63da322e541665d65a044e",
                "sha256:97209cc91189b48e7cfe777237c04af8e7cc51eb369004e061809bcdf4e55220",
                "sha256:a48f4f7fea9a51098b02209d90297ac324241bf37ff6be6d2b0149ab2bd51b37",
                "sha256:a783cd344113cb88c5ff7ca32f1f16532a6f2142185147822187913eb989f739",
                "sha256:ae0eec05ab49e91a78700761777f284c2df119376e391db42c38ab46fd662b77",
                "sha256:ae4d7ff1049f36accde9e1ef7301912a751e5bae0a9d142459646114c70ecba6",
                "sha256:b05df9ea7496df11b710081bd90ecc3a3db6adb4fee36f6a411e7bc91a18aa42",
                "sha256:baf211dcad448a87a0d9047dc8282d7de59473ade7d7fdf22150b1d23859f946",
                "sha256:bb81f753c815f6b8e2ddd2eef3c855cf7da193b82396ac013c661aaa6cc6b0a5",
                "sha256:bcd7bb1e5c45274af9a1dd7494d3c52b2be5e6bd8d7e49c612705fd45420b12d",
                "sha256:bf071f797aec5b96abfc735ab97da9fd8f8768b43ce2abd85356a3127909d146",
                "sha256:c15163b6125db87c8f53c98baa5e785782078fbd2dbeaa04c6141935eb6dab7a",
                "sha256:cb6d48d80a41f68de41212f3dfd1a9d9898d7841c8f7ce6696cf2fd9cb57ef83",
                "sha256:ceff9722e0df2e0a9e8a79c610842004fa54e5b309fe6d218e47cd52f791d7ef",
                "sha256:cfa2bbca929aa742b5084fd4663dd4b87c191c844326fcb21c3afd2d11497f80",
                "sha256:d617c241c8c3ad5c4e78a08429fa49e4b04bedfc507b34b4d8dceb83b4af3588",
                "sha256:d881d152ae0007809c2c02e22aa534e702f12071e6b285e90945aa3c376463c5",
                "sha256:da65c3f263729e47351261351b8679c6429151ef9649bba08ef2528ff2c423b2",
                "sha256:de986979bbd87272fe557e0a8fcb66fd40ae2ddfe28a8b1ce4eae22681728fef",
                "sha256:df60a94d332158b444301c7f569659c926168e4d4aad2cfbf4bce0e8fb8be826",
                "sha256:dfef7350ee369197106805e193d420b75467b6cceac646ea5ed3049fcc950a05",
                "sha256:e59399dda559688461762800d7fb34d9e8a6a7444fd76ec33220a926c8be1516",
                "sha256:e6f3515aafe0209dd17fb9bdd3b4e892963370b3de781f53e1746a521fb39fc0",
                "sha256:e7fd20d6576c10306dea2d6a5765f46f0ac5d6f53436217913e952d19237efc4",
                "sha256:ebb78745273e51b9832ef90c0898501006670d6e059f2cdb0e999494eb1450c2",
                "sha256:efff27bd8cbe1f9bd127e7894942ccc20c857aa8b5a0327874f30201e5ce83d0",
                "sha256:f37db05c6051eff17bc832914fe46869f8849de5b92dc4a3466cd63095d23dfd",
                "sha256:f8ca8ad414c85bbc50f49c0a106f951613dfa5f948ab69c10ce9b128d368baf8",
                "sha256:fb742dcdd5eec9f26b61224c23baea46c9055cf16f62475e11b9b15dfd5c117b",
                "sha256:fc77086ce244453e074e445104f0ecb27530d6fd3a46698e33f6c38951d5a0f1",
                "sha256:ff205b58dc2929191f68162633d5e10e8044398d7a45265f90a0f1d51f85f72c"
            ],
            "markers": "python_version >= '3.7'",
            "version": "==1.8.2"
        }
    },
    "develop": {}
}
